// !$*UTF8*$!
{
	archiveVersion = 1;
	classes = {
	};
	objectVersion = 50;
	objects = {

/* Begin PBXBuildFile section */
		0C018E0BFB1597E6971DC152 /* Pods_WalkGather.framework in Frameworks */ = {isa = PBXBuildFile; fileRef = FEDA80E5F408D6E50227B4F7 /* Pods_WalkGather.framework */; };
		7245E28D25FF24C600B1204A /* FriendNotificationCell.swift in Sources */ = {isa = PBXBuildFile; fileRef = 7245E28B25FF24C600B1204A /* FriendNotificationCell.swift */; };
		7245E28E25FF24C600B1204A /* PartyNotificationCell.swift in Sources */ = {isa = PBXBuildFile; fileRef = 7245E28C25FF24C600B1204A /* PartyNotificationCell.swift */; };
		7245E29225FF24D400B1204A /* PartyNotificationTVC.swift in Sources */ = {isa = PBXBuildFile; fileRef = 7245E29025FF24D400B1204A /* PartyNotificationTVC.swift */; };
		7245E29325FF24D400B1204A /* FriendNotificationTVC.swift in Sources */ = {isa = PBXBuildFile; fileRef = 7245E29125FF24D400B1204A /* FriendNotificationTVC.swift */; };
		7274C53225F0ABC3004F28FB /* Member.swift in Sources */ = {isa = PBXBuildFile; fileRef = 7274C53125F0ABC3004F28FB /* Member.swift */; };
		72782DB325F4B6370046D415 /* GroupTableViewCell.swift in Sources */ = {isa = PBXBuildFile; fileRef = 72782DB125F4B6370046D415 /* GroupTableViewCell.swift */; };
		72782DB425F4B6370046D415 /* MyGroupTableViewCell.swift in Sources */ = {isa = PBXBuildFile; fileRef = 72782DB225F4B6370046D415 /* MyGroupTableViewCell.swift */; };
		72782DBD25F4B6810046D415 /* MemberVC.swift in Sources */ = {isa = PBXBuildFile; fileRef = 72782DB825F4B6810046D415 /* MemberVC.swift */; };
		72782DBF25F4B6810046D415 /* AccountVC.swift in Sources */ = {isa = PBXBuildFile; fileRef = 72782DBA25F4B6810046D415 /* AccountVC.swift */; };
		727DF5ED25FF6DEB001BE9BE /* TabBC.swift in Sources */ = {isa = PBXBuildFile; fileRef = 727DF5EC25FF6DEB001BE9BE /* TabBC.swift */; };
		72810EFC25FA11A2004BDF57 /* AccountEditVC.swift in Sources */ = {isa = PBXBuildFile; fileRef = 72810EFB25FA11A2004BDF57 /* AccountEditVC.swift */; };
		72F87D2025F72F6200C4AB51 /* NotificationCell.swift in Sources */ = {isa = PBXBuildFile; fileRef = 72F87D1F25F72F6200C4AB51 /* NotificationCell.swift */; };
		72F87D2425F72FC400C4AB51 /* LoginVC.swift in Sources */ = {isa = PBXBuildFile; fileRef = 72F87D2225F72FC400C4AB51 /* LoginVC.swift */; };
		72F87D2525F72FC400C4AB51 /* RegisterVC.swift in Sources */ = {isa = PBXBuildFile; fileRef = 72F87D2325F72FC400C4AB51 /* RegisterVC.swift */; };
		72F87D2825F72FD000C4AB51 /* Register.swift in Sources */ = {isa = PBXBuildFile; fileRef = 72F87D2725F72FD000C4AB51 /* Register.swift */; };
		941360AE25C0149400953BE2 /* GroupViewController.swift in Sources */ = {isa = PBXBuildFile; fileRef = 941360AD25C0149400953BE2 /* GroupViewController.swift */; };
		9489A67725F2696800DD830E /* Jack.storyboard in Resources */ = {isa = PBXBuildFile; fileRef = 9489A67525F2696800DD830E /* Jack.storyboard */; };
		9489A68225F26B9200DD830E /* Common.swift in Sources */ = {isa = PBXBuildFile; fileRef = 9489A68125F26B9200DD830E /* Common.swift */; };
		949A4F3F25CBCD7C00FEBD38 /* NewAddGroupViewController.swift in Sources */ = {isa = PBXBuildFile; fileRef = 949A4F3E25CBCD7C00FEBD38 /* NewAddGroupViewController.swift */; };
		94E08D4C25BADE240013E403 /* AppDelegate.swift in Sources */ = {isa = PBXBuildFile; fileRef = 94E08D4B25BADE240013E403 /* AppDelegate.swift */; };
		94E08D4E25BADE240013E403 /* SceneDelegate.swift in Sources */ = {isa = PBXBuildFile; fileRef = 94E08D4D25BADE240013E403 /* SceneDelegate.swift */; };
		94E08D5325BADE240013E403 /* Main.storyboard in Resources */ = {isa = PBXBuildFile; fileRef = 94E08D5125BADE240013E403 /* Main.storyboard */; };
		94E08D5525BADE280013E403 /* Assets.xcassets in Resources */ = {isa = PBXBuildFile; fileRef = 94E08D5425BADE280013E403 /* Assets.xcassets */; };
		94E08D5825BADE280013E403 /* LaunchScreen.storyboard in Resources */ = {isa = PBXBuildFile; fileRef = 94E08D5625BADE280013E403 /* LaunchScreen.storyboard */; };
		94E1873425E3C78300ECF653 /* JoinGroupViewController.swift in Sources */ = {isa = PBXBuildFile; fileRef = 94E1873325E3C78200ECF653 /* JoinGroupViewController.swift */; };
		94E1874325E4ABD900ECF653 /* MyGroupViewController.swift in Sources */ = {isa = PBXBuildFile; fileRef = 94E1874225E4ABD900ECF653 /* MyGroupViewController.swift */; };
		94E7A53D2600CF1B0012ADBA /* GoogleService-Info.plist in Resources */ = {isa = PBXBuildFile; fileRef = 94E7A53C2600CF1B0012ADBA /* GoogleService-Info.plist */; };
		94E7A54C2600DB5B0012ADBA /* Ethan in Resources */ = {isa = PBXBuildFile; fileRef = 94E7A54B2600DB5B0012ADBA /* Ethan */; };
		94E7A5502600DB9D0012ADBA /* NewAddGroup.swift in Sources */ = {isa = PBXBuildFile; fileRef = 94E7A54E2600DB9D0012ADBA /* NewAddGroup.swift */; };
		94E7A5512600DB9D0012ADBA /* Group.swift in Sources */ = {isa = PBXBuildFile; fileRef = 94E7A54F2600DB9D0012ADBA /* Group.swift */; };
		94E7A5542600DC4B0012ADBA /* Party.swift in Sources */ = {isa = PBXBuildFile; fileRef = 94E7A5532600DC4B0012ADBA /* Party.swift */; };
/* End PBXBuildFile section */

/* Begin PBXFileReference section */
		14A69C75594C1CF477B58F88 /* Pods-WalkGather.debug.xcconfig */ = {isa = PBXFileReference; includeInIndex = 1; lastKnownFileType = text.xcconfig; name = "Pods-WalkGather.debug.xcconfig"; path = "Target Support Files/Pods-WalkGather/Pods-WalkGather.debug.xcconfig"; sourceTree = "<group>"; };
		2E63E0A6463EE7BA8F60AFB9 /* Pods-WalkGather.release.xcconfig */ = {isa = PBXFileReference; includeInIndex = 1; lastKnownFileType = text.xcconfig; name = "Pods-WalkGather.release.xcconfig"; path = "Target Support Files/Pods-WalkGather/Pods-WalkGather.release.xcconfig"; sourceTree = "<group>"; };
		7245E28B25FF24C600B1204A /* FriendNotificationCell.swift */ = {isa = PBXFileReference; fileEncoding = 4; lastKnownFileType = sourcecode.swift; path = FriendNotificationCell.swift; sourceTree = "<group>"; };
		7245E28C25FF24C600B1204A /* PartyNotificationCell.swift */ = {isa = PBXFileReference; fileEncoding = 4; lastKnownFileType = sourcecode.swift; path = PartyNotificationCell.swift; sourceTree = "<group>"; };
		7245E29025FF24D400B1204A /* PartyNotificationTVC.swift */ = {isa = PBXFileReference; fileEncoding = 4; lastKnownFileType = sourcecode.swift; path = PartyNotificationTVC.swift; sourceTree = "<group>"; };
		7245E29125FF24D400B1204A /* FriendNotificationTVC.swift */ = {isa = PBXFileReference; fileEncoding = 4; lastKnownFileType = sourcecode.swift; path = FriendNotificationTVC.swift; sourceTree = "<group>"; };
		7274C53125F0ABC3004F28FB /* Member.swift */ = {isa = PBXFileReference; lastKnownFileType = sourcecode.swift; path = Member.swift; sourceTree = "<group>"; };
		72782DB125F4B6370046D415 /* GroupTableViewCell.swift */ = {isa = PBXFileReference; fileEncoding = 4; lastKnownFileType = sourcecode.swift; name = GroupTableViewCell.swift; path = Ryan/GroupTableViewCell.swift; sourceTree = "<group>"; };
		72782DB225F4B6370046D415 /* MyGroupTableViewCell.swift */ = {isa = PBXFileReference; fileEncoding = 4; lastKnownFileType = sourcecode.swift; name = MyGroupTableViewCell.swift; path = Ryan/MyGroupTableViewCell.swift; sourceTree = "<group>"; };
		72782DB825F4B6810046D415 /* MemberVC.swift */ = {isa = PBXFileReference; fileEncoding = 4; lastKnownFileType = sourcecode.swift; path = MemberVC.swift; sourceTree = "<group>"; };
		72782DBA25F4B6810046D415 /* AccountVC.swift */ = {isa = PBXFileReference; fileEncoding = 4; lastKnownFileType = sourcecode.swift; path = AccountVC.swift; sourceTree = "<group>"; };
		727DF5EC25FF6DEB001BE9BE /* TabBC.swift */ = {isa = PBXFileReference; lastKnownFileType = sourcecode.swift; path = TabBC.swift; sourceTree = "<group>"; };
		72810EFB25FA11A2004BDF57 /* AccountEditVC.swift */ = {isa = PBXFileReference; fileEncoding = 4; lastKnownFileType = sourcecode.swift; path = AccountEditVC.swift; sourceTree = "<group>"; };
		72F87D1F25F72F6200C4AB51 /* NotificationCell.swift */ = {isa = PBXFileReference; fileEncoding = 4; lastKnownFileType = sourcecode.swift; path = NotificationCell.swift; sourceTree = "<group>"; };
		72F87D2225F72FC400C4AB51 /* LoginVC.swift */ = {isa = PBXFileReference; fileEncoding = 4; lastKnownFileType = sourcecode.swift; path = LoginVC.swift; sourceTree = "<group>"; };
		72F87D2325F72FC400C4AB51 /* RegisterVC.swift */ = {isa = PBXFileReference; fileEncoding = 4; lastKnownFileType = sourcecode.swift; path = RegisterVC.swift; sourceTree = "<group>"; };
		72F87D2725F72FD000C4AB51 /* Register.swift */ = {isa = PBXFileReference; fileEncoding = 4; lastKnownFileType = sourcecode.swift; path = Register.swift; sourceTree = "<group>"; };
		941360AD25C0149400953BE2 /* GroupViewController.swift */ = {isa = PBXFileReference; lastKnownFileType = sourcecode.swift; path = GroupViewController.swift; sourceTree = "<group>"; };
		9489A67625F2696800DD830E /* Base */ = {isa = PBXFileReference; lastKnownFileType = file.storyboard; name = Base; path = WalkGather/Base.lproj/Jack.storyboard; sourceTree = "<group>"; };
		9489A68125F26B9200DD830E /* Common.swift */ = {isa = PBXFileReference; fileEncoding = 4; lastKnownFileType = sourcecode.swift; path = Common.swift; sourceTree = "<group>"; };
		949A4F3E25CBCD7C00FEBD38 /* NewAddGroupViewController.swift */ = {isa = PBXFileReference; lastKnownFileType = sourcecode.swift; path = NewAddGroupViewController.swift; sourceTree = "<group>"; };
		94E08D4825BADE240013E403 /* WalkGather.app */ = {isa = PBXFileReference; explicitFileType = wrapper.application; includeInIndex = 0; path = WalkGather.app; sourceTree = BUILT_PRODUCTS_DIR; };
		94E08D4B25BADE240013E403 /* AppDelegate.swift */ = {isa = PBXFileReference; lastKnownFileType = sourcecode.swift; path = AppDelegate.swift; sourceTree = "<group>"; };
		94E08D4D25BADE240013E403 /* SceneDelegate.swift */ = {isa = PBXFileReference; lastKnownFileType = sourcecode.swift; path = SceneDelegate.swift; sourceTree = "<group>"; };
		94E08D5225BADE240013E403 /* Base */ = {isa = PBXFileReference; lastKnownFileType = file.storyboard; name = Base; path = Base.lproj/Main.storyboard; sourceTree = "<group>"; };
		94E08D5425BADE280013E403 /* Assets.xcassets */ = {isa = PBXFileReference; lastKnownFileType = folder.assetcatalog; path = Assets.xcassets; sourceTree = "<group>"; };
		94E08D5725BADE280013E403 /* Base */ = {isa = PBXFileReference; lastKnownFileType = file.storyboard; name = Base; path = Base.lproj/LaunchScreen.storyboard; sourceTree = "<group>"; };
		94E08D5925BADE280013E403 /* Info.plist */ = {isa = PBXFileReference; lastKnownFileType = text.plist.xml; path = Info.plist; sourceTree = "<group>"; };
		94E1873325E3C78200ECF653 /* JoinGroupViewController.swift */ = {isa = PBXFileReference; lastKnownFileType = sourcecode.swift; path = JoinGroupViewController.swift; sourceTree = "<group>"; };
		94E1874225E4ABD900ECF653 /* MyGroupViewController.swift */ = {isa = PBXFileReference; fileEncoding = 4; lastKnownFileType = sourcecode.swift; path = MyGroupViewController.swift; sourceTree = "<group>"; };
		94E7A53C2600CF1B0012ADBA /* GoogleService-Info.plist */ = {isa = PBXFileReference; fileEncoding = 4; lastKnownFileType = text.plist.xml; path = "GoogleService-Info.plist"; sourceTree = "<group>"; };
		94E7A54B2600DB5B0012ADBA /* Ethan */ = {isa = PBXFileReference; lastKnownFileType = folder; path = Ethan; sourceTree = "<group>"; };
		94E7A54E2600DB9D0012ADBA /* NewAddGroup.swift */ = {isa = PBXFileReference; fileEncoding = 4; lastKnownFileType = sourcecode.swift; path = NewAddGroup.swift; sourceTree = "<group>"; };
		94E7A54F2600DB9D0012ADBA /* Group.swift */ = {isa = PBXFileReference; fileEncoding = 4; lastKnownFileType = sourcecode.swift; path = Group.swift; sourceTree = "<group>"; };
		94E7A5532600DC4B0012ADBA /* Party.swift */ = {isa = PBXFileReference; fileEncoding = 4; lastKnownFileType = sourcecode.swift; path = Party.swift; sourceTree = "<group>"; };
		FEDA80E5F408D6E50227B4F7 /* Pods_WalkGather.framework */ = {isa = PBXFileReference; explicitFileType = wrapper.framework; includeInIndex = 0; path = Pods_WalkGather.framework; sourceTree = BUILT_PRODUCTS_DIR; };
/* End PBXFileReference section */

/* Begin PBXFrameworksBuildPhase section */
		94E08D4525BADE240013E403 /* Frameworks */ = {
			isa = PBXFrameworksBuildPhase;
			buildActionMask = 2147483647;
			files = (
				0C018E0BFB1597E6971DC152 /* Pods_WalkGather.framework in Frameworks */,
			);
			runOnlyForDeploymentPostprocessing = 0;
		};
/* End PBXFrameworksBuildPhase section */

/* Begin PBXGroup section */
		56B5937168511106E86AE05D /* Pods */ = {
			isa = PBXGroup;
			children = (
				14A69C75594C1CF477B58F88 /* Pods-WalkGather.debug.xcconfig */,
				2E63E0A6463EE7BA8F60AFB9 /* Pods-WalkGather.release.xcconfig */,
			);
			path = Pods;
			sourceTree = "<group>";
		};
		7274C52D25F0AB21004F28FB /* Ryan */ = {
			isa = PBXGroup;
			children = (
				94E7A5532600DC4B0012ADBA /* Party.swift */,
				94E7A54F2600DB9D0012ADBA /* Group.swift */,
				94E7A54E2600DB9D0012ADBA /* NewAddGroup.swift */,
			);
			path = Ryan;
			sourceTree = "<group>";
		};
		7274C52E25F0AB41004F28FB /* Jack */ = {
			isa = PBXGroup;
			children = (
				72F87D2725F72FD000C4AB51 /* Register.swift */,
				7274C53125F0ABC3004F28FB /* Member.swift */,
			);
			path = Jack;
			sourceTree = "<group>";
		};
		73FC56C5DD1330DD52E7626E /* Frameworks */ = {
			isa = PBXGroup;
			children = (
				FEDA80E5F408D6E50227B4F7 /* Pods_WalkGather.framework */,
			);
			name = Frameworks;
			sourceTree = "<group>";
		};
		9489A66B25F267F600DD830E /* Cheng */ = {
			isa = PBXGroup;
			children = (
			);
			name = Cheng;
			sourceTree = "<group>";
		};
		9489A66C25F267FB00DD830E /* Ethan */ = {
			isa = PBXGroup;
			children = (
			);
			name = Ethan;
			sourceTree = "<group>";
		};
		9489A66D25F2682600DD830E /* Jack */ = {
			isa = PBXGroup;
			children = (
				7245E28B25FF24C600B1204A /* FriendNotificationCell.swift */,
				7245E28C25FF24C600B1204A /* PartyNotificationCell.swift */,
				72F87D1F25F72F6200C4AB51 /* NotificationCell.swift */,
				727DF5EC25FF6DEB001BE9BE /* TabBC.swift */,
			);
			path = Jack;
			sourceTree = "<group>";
		};
		9489A66E25F2683900DD830E /* Ryan */ = {
			isa = PBXGroup;
			children = (
				72782DB125F4B6370046D415 /* GroupTableViewCell.swift */,
				72782DB225F4B6370046D415 /* MyGroupTableViewCell.swift */,
			);
			name = Ryan;
			sourceTree = "<group>";
		};
		9489A67025F2685E00DD830E /* Ryan */ = {
			isa = PBXGroup;
			children = (
				94E1874225E4ABD900ECF653 /* MyGroupViewController.swift */,
				94E1873325E3C78200ECF653 /* JoinGroupViewController.swift */,
				949A4F3E25CBCD7C00FEBD38 /* NewAddGroupViewController.swift */,
				941360AD25C0149400953BE2 /* GroupViewController.swift */,
			);
			path = Ryan;
			sourceTree = "<group>";
		};
		9489A67125F2687100DD830E /* Jack */ = {
			isa = PBXGroup;
			children = (
				7245E29125FF24D400B1204A /* FriendNotificationTVC.swift */,
				7245E29025FF24D400B1204A /* PartyNotificationTVC.swift */,
				72810EFB25FA11A2004BDF57 /* AccountEditVC.swift */,
				72F87D2225F72FC400C4AB51 /* LoginVC.swift */,
				72F87D2325F72FC400C4AB51 /* RegisterVC.swift */,
				72782DBA25F4B6810046D415 /* AccountVC.swift */,
				72782DB825F4B6810046D415 /* MemberVC.swift */,
			);
			path = Jack;
			sourceTree = "<group>";
		};
		9489A67225F2687800DD830E /* Cheng */ = {
			isa = PBXGroup;
			children = (
			);
			path = Cheng;
			sourceTree = "<group>";
		};
		9489A67325F2688600DD830E /* Ethan */ = {
			isa = PBXGroup;
			children = (
			);
			path = Ethan;
			sourceTree = "<group>";
		};
		9489A68025F26B8000DD830E /* Network */ = {
			isa = PBXGroup;
			children = (
				9489A68125F26B9200DD830E /* Common.swift */,
			);
			path = Network;
			sourceTree = "<group>";
		};
		94E08D3F25BADE240013E403 = {
			isa = PBXGroup;
			children = (
				94E08D4A25BADE240013E403 /* WalkGather */,
				94E08D4925BADE240013E403 /* Products */,
				56B5937168511106E86AE05D /* Pods */,
				73FC56C5DD1330DD52E7626E /* Frameworks */,
			);
			sourceTree = "<group>";
		};
		94E08D4925BADE240013E403 /* Products */ = {
			isa = PBXGroup;
			children = (
				94E08D4825BADE240013E403 /* WalkGather.app */,
			);
			name = Products;
			sourceTree = "<group>";
		};
		94E08D4A25BADE240013E403 /* WalkGather */ = {
			isa = PBXGroup;
			children = (
				94E1874025E4A2C400ECF653 /* Model */,
				94E1873F25E4A2BA00ECF653 /* View */,
				94E1873E25E4A26E00ECF653 /* Controller */,
				94E08D4B25BADE240013E403 /* AppDelegate.swift */,
				94E08D4D25BADE240013E403 /* SceneDelegate.swift */,
				94E08D5125BADE240013E403 /* Main.storyboard */,
				9489A67525F2696800DD830E /* Jack.storyboard */,
				94E08D5425BADE280013E403 /* Assets.xcassets */,
				94E08D5625BADE280013E403 /* LaunchScreen.storyboard */,
				94E08D5925BADE280013E403 /* Info.plist */,
				94E7A53C2600CF1B0012ADBA /* GoogleService-Info.plist */,
			);
			path = WalkGather;
			sourceTree = "<group>";
		};
		94E1873E25E4A26E00ECF653 /* Controller */ = {
			isa = PBXGroup;
			children = (
				9489A68025F26B8000DD830E /* Network */,
				9489A67325F2688600DD830E /* Ethan */,
				9489A67225F2687800DD830E /* Cheng */,
				9489A67125F2687100DD830E /* Jack */,
				9489A67025F2685E00DD830E /* Ryan */,
			);
			path = Controller;
			sourceTree = "<group>";
		};
		94E1873F25E4A2BA00ECF653 /* View */ = {
			isa = PBXGroup;
			children = (
				9489A66E25F2683900DD830E /* Ryan */,
				9489A66D25F2682600DD830E /* Jack */,
				9489A66C25F267FB00DD830E /* Ethan */,
				9489A66B25F267F600DD830E /* Cheng */,
			);
			path = View;
			sourceTree = "<group>";
		};
		94E1874025E4A2C400ECF653 /* Model */ = {
			isa = PBXGroup;
			children = (
				94E7A54B2600DB5B0012ADBA /* Ethan */,
				7274C52E25F0AB41004F28FB /* Jack */,
				7274C52D25F0AB21004F28FB /* Ryan */,
			);
			path = Model;
			sourceTree = "<group>";
		};
/* End PBXGroup section */

/* Begin PBXNativeTarget section */
		94E08D4725BADE240013E403 /* WalkGather */ = {
			isa = PBXNativeTarget;
			buildConfigurationList = 94E08D5C25BADE280013E403 /* Build configuration list for PBXNativeTarget "WalkGather" */;
			buildPhases = (
				BF3B7DF7FD20B6BCBDB09875 /* [CP] Check Pods Manifest.lock */,
				94E08D4425BADE240013E403 /* Sources */,
				94E08D4525BADE240013E403 /* Frameworks */,
				94E08D4625BADE240013E403 /* Resources */,
				C755C4C341D1AA4296CDDABD /* [CP] Embed Pods Frameworks */,
				7B0EA621AD3FA33225718C96 /* [CP] Copy Pods Resources */,
			);
			buildRules = (
			);
			dependencies = (
			);
			name = WalkGather;
			productName = WalkGather;
			productReference = 94E08D4825BADE240013E403 /* WalkGather.app */;
			productType = "com.apple.product-type.application";
		};
/* End PBXNativeTarget section */

/* Begin PBXProject section */
		94E08D4025BADE240013E403 /* Project object */ = {
			isa = PBXProject;
			attributes = {
				LastSwiftUpdateCheck = 1230;
				LastUpgradeCheck = 1230;
				TargetAttributes = {
					94E08D4725BADE240013E403 = {
						CreatedOnToolsVersion = 12.3;
					};
				};
			};
			buildConfigurationList = 94E08D4325BADE240013E403 /* Build configuration list for PBXProject "WalkGather" */;
			compatibilityVersion = "Xcode 9.3";
			developmentRegion = en;
			hasScannedForEncodings = 0;
			knownRegions = (
				en,
				Base,
			);
			mainGroup = 94E08D3F25BADE240013E403;
			productRefGroup = 94E08D4925BADE240013E403 /* Products */;
			projectDirPath = "";
			projectRoot = "";
			targets = (
				94E08D4725BADE240013E403 /* WalkGather */,
			);
		};
/* End PBXProject section */

/* Begin PBXResourcesBuildPhase section */
		94E08D4625BADE240013E403 /* Resources */ = {
			isa = PBXResourcesBuildPhase;
			buildActionMask = 2147483647;
			files = (
				94E08D5825BADE280013E403 /* LaunchScreen.storyboard in Resources */,
				94E08D5525BADE280013E403 /* Assets.xcassets in Resources */,
				94E08D5325BADE240013E403 /* Main.storyboard in Resources */,
				94E7A54C2600DB5B0012ADBA /* Ethan in Resources */,
				9489A67725F2696800DD830E /* Jack.storyboard in Resources */,
				94E7A53D2600CF1B0012ADBA /* GoogleService-Info.plist in Resources */,
			);
			runOnlyForDeploymentPostprocessing = 0;
		};
/* End PBXResourcesBuildPhase section */

/* Begin PBXShellScriptBuildPhase section */
		7B0EA621AD3FA33225718C96 /* [CP] Copy Pods Resources */ = {
			isa = PBXShellScriptBuildPhase;
			buildActionMask = 2147483647;
			files = (
			);
			inputFileListPaths = (
			);
			name = "[CP] Copy Pods Resources";
			outputFileListPaths = (
			);
			runOnlyForDeploymentPostprocessing = 0;
			shellPath = /bin/sh;
			shellScript = "\"${PODS_ROOT}/Target Support Files/Pods-WalkGather/Pods-WalkGather-resources.sh\"\n";
			showEnvVarsInLog = 0;
		};
		BF3B7DF7FD20B6BCBDB09875 /* [CP] Check Pods Manifest.lock */ = {
			isa = PBXShellScriptBuildPhase;
			buildActionMask = 2147483647;
			files = (
			);
			inputFileListPaths = (
			);
			inputPaths = (
				"${PODS_PODFILE_DIR_PATH}/Podfile.lock",
				"${PODS_ROOT}/Manifest.lock",
			);
			name = "[CP] Check Pods Manifest.lock";
			outputFileListPaths = (
			);
			outputPaths = (
				"$(DERIVED_FILE_DIR)/Pods-WalkGather-checkManifestLockResult.txt",
			);
			runOnlyForDeploymentPostprocessing = 0;
			shellPath = /bin/sh;
			shellScript = "diff \"${PODS_PODFILE_DIR_PATH}/Podfile.lock\" \"${PODS_ROOT}/Manifest.lock\" > /dev/null\nif [ $? != 0 ] ; then\n    # print error to STDERR\n    echo \"error: The sandbox is not in sync with the Podfile.lock. Run 'pod install' or update your CocoaPods installation.\" >&2\n    exit 1\nfi\n# This output is used by Xcode 'outputs' to avoid re-running this script phase.\necho \"SUCCESS\" > \"${SCRIPT_OUTPUT_FILE_0}\"\n";
			showEnvVarsInLog = 0;
		};
		C755C4C341D1AA4296CDDABD /* [CP] Embed Pods Frameworks */ = {
			isa = PBXShellScriptBuildPhase;
			buildActionMask = 2147483647;
			files = (
			);
			inputFileListPaths = (
			);
			name = "[CP] Embed Pods Frameworks";
			outputFileListPaths = (
			);
			runOnlyForDeploymentPostprocessing = 0;
			shellPath = /bin/sh;
			shellScript = "\"${PODS_ROOT}/Target Support Files/Pods-WalkGather/Pods-WalkGather-frameworks.sh\"\n";
			showEnvVarsInLog = 0;
		};
/* End PBXShellScriptBuildPhase section */

/* Begin PBXSourcesBuildPhase section */
		94E08D4425BADE240013E403 /* Sources */ = {
			isa = PBXSourcesBuildPhase;
			buildActionMask = 2147483647;
			files = (
				727DF5ED25FF6DEB001BE9BE /* TabBC.swift in Sources */,
				94E7A5542600DC4B0012ADBA /* Party.swift in Sources */,
				94E1874325E4ABD900ECF653 /* MyGroupViewController.swift in Sources */,
				7245E28D25FF24C600B1204A /* FriendNotificationCell.swift in Sources */,
				94E7A5512600DB9D0012ADBA /* Group.swift in Sources */,
				94E08D4C25BADE240013E403 /* AppDelegate.swift in Sources */,
				72782DB325F4B6370046D415 /* GroupTableViewCell.swift in Sources */,
				7245E28E25FF24C600B1204A /* PartyNotificationCell.swift in Sources */,
				9489A68225F26B9200DD830E /* Common.swift in Sources */,
				94E08D4E25BADE240013E403 /* SceneDelegate.swift in Sources */,
				949A4F3F25CBCD7C00FEBD38 /* NewAddGroupViewController.swift in Sources */,
				72782DB425F4B6370046D415 /* MyGroupTableViewCell.swift in Sources */,
				72F87D2525F72FC400C4AB51 /* RegisterVC.swift in Sources */,
				94E1873425E3C78300ECF653 /* JoinGroupViewController.swift in Sources */,
				941360AE25C0149400953BE2 /* GroupViewController.swift in Sources */,
				7245E29325FF24D400B1204A /* FriendNotificationTVC.swift in Sources */,
				72782DBF25F4B6810046D415 /* AccountVC.swift in Sources */,
				72810EFC25FA11A2004BDF57 /* AccountEditVC.swift in Sources */,
				72F87D2825F72FD000C4AB51 /* Register.swift in Sources */,
				72F87D2425F72FC400C4AB51 /* LoginVC.swift in Sources */,
				7274C53225F0ABC3004F28FB /* Member.swift in Sources */,
				7245E29225FF24D400B1204A /* PartyNotificationTVC.swift in Sources */,
				72782DBD25F4B6810046D415 /* MemberVC.swift in Sources */,
				94E7A5502600DB9D0012ADBA /* NewAddGroup.swift in Sources */,
				72F87D2025F72F6200C4AB51 /* NotificationCell.swift in Sources */,
			);
			runOnlyForDeploymentPostprocessing = 0;
		};
/* End PBXSourcesBuildPhase section */

/* Begin PBXVariantGroup section */
		9489A67525F2696800DD830E /* Jack.storyboard */ = {
			isa = PBXVariantGroup;
			children = (
				9489A67625F2696800DD830E /* Base */,
			);
			name = Jack.storyboard;
			sourceTree = "<group>";
		};
		94E08D5125BADE240013E403 /* Main.storyboard */ = {
			isa = PBXVariantGroup;
			children = (
				94E08D5225BADE240013E403 /* Base */,
			);
			name = Main.storyboard;
			sourceTree = "<group>";
		};
		94E08D5625BADE280013E403 /* LaunchScreen.storyboard */ = {
			isa = PBXVariantGroup;
			children = (
				94E08D5725BADE280013E403 /* Base */,
			);
			name = LaunchScreen.storyboard;
			sourceTree = "<group>";
		};
/* End PBXVariantGroup section */

/* Begin XCBuildConfiguration section */
		94E08D5A25BADE280013E403 /* Debug */ = {
			isa = XCBuildConfiguration;
			buildSettings = {
				ALWAYS_SEARCH_USER_PATHS = NO;
				CLANG_ANALYZER_NONNULL = YES;
				CLANG_ANALYZER_NUMBER_OBJECT_CONVERSION = YES_AGGRESSIVE;
				CLANG_CXX_LANGUAGE_STANDARD = "gnu++14";
				CLANG_CXX_LIBRARY = "libc++";
				CLANG_ENABLE_MODULES = YES;
				CLANG_ENABLE_OBJC_ARC = YES;
				CLANG_ENABLE_OBJC_WEAK = YES;
				CLANG_WARN_BLOCK_CAPTURE_AUTORELEASING = YES;
				CLANG_WARN_BOOL_CONVERSION = YES;
				CLANG_WARN_COMMA = YES;
				CLANG_WARN_CONSTANT_CONVERSION = YES;
				CLANG_WARN_DEPRECATED_OBJC_IMPLEMENTATIONS = YES;
				CLANG_WARN_DIRECT_OBJC_ISA_USAGE = YES_ERROR;
				CLANG_WARN_DOCUMENTATION_COMMENTS = YES;
				CLANG_WARN_EMPTY_BODY = YES;
				CLANG_WARN_ENUM_CONVERSION = YES;
				CLANG_WARN_INFINITE_RECURSION = YES;
				CLANG_WARN_INT_CONVERSION = YES;
				CLANG_WARN_NON_LITERAL_NULL_CONVERSION = YES;
				CLANG_WARN_OBJC_IMPLICIT_RETAIN_SELF = YES;
				CLANG_WARN_OBJC_LITERAL_CONVERSION = YES;
				CLANG_WARN_OBJC_ROOT_CLASS = YES_ERROR;
				CLANG_WARN_QUOTED_INCLUDE_IN_FRAMEWORK_HEADER = YES;
				CLANG_WARN_RANGE_LOOP_ANALYSIS = YES;
				CLANG_WARN_STRICT_PROTOTYPES = YES;
				CLANG_WARN_SUSPICIOUS_MOVE = YES;
				CLANG_WARN_UNGUARDED_AVAILABILITY = YES_AGGRESSIVE;
				CLANG_WARN_UNREACHABLE_CODE = YES;
				CLANG_WARN__DUPLICATE_METHOD_MATCH = YES;
				COPY_PHASE_STRIP = NO;
				DEBUG_INFORMATION_FORMAT = dwarf;
				ENABLE_STRICT_OBJC_MSGSEND = YES;
				ENABLE_TESTABILITY = YES;
				GCC_C_LANGUAGE_STANDARD = gnu11;
				GCC_DYNAMIC_NO_PIC = NO;
				GCC_NO_COMMON_BLOCKS = YES;
				GCC_OPTIMIZATION_LEVEL = 0;
				GCC_PREPROCESSOR_DEFINITIONS = (
					"DEBUG=1",
					"$(inherited)",
				);
				GCC_WARN_64_TO_32_BIT_CONVERSION = YES;
				GCC_WARN_ABOUT_RETURN_TYPE = YES_ERROR;
				GCC_WARN_UNDECLARED_SELECTOR = YES;
				GCC_WARN_UNINITIALIZED_AUTOS = YES_AGGRESSIVE;
				GCC_WARN_UNUSED_FUNCTION = YES;
				GCC_WARN_UNUSED_VARIABLE = YES;
				IPHONEOS_DEPLOYMENT_TARGET = 14.4;
				MTL_ENABLE_DEBUG_INFO = INCLUDE_SOURCE;
				MTL_FAST_MATH = YES;
				ONLY_ACTIVE_ARCH = YES;
				SDKROOT = iphoneos;
				SWIFT_ACTIVE_COMPILATION_CONDITIONS = DEBUG;
				SWIFT_OPTIMIZATION_LEVEL = "-Onone";
			};
			name = Debug;
		};
		94E08D5B25BADE280013E403 /* Release */ = {
			isa = XCBuildConfiguration;
			buildSettings = {
				ALWAYS_SEARCH_USER_PATHS = NO;
				CLANG_ANALYZER_NONNULL = YES;
				CLANG_ANALYZER_NUMBER_OBJECT_CONVERSION = YES_AGGRESSIVE;
				CLANG_CXX_LANGUAGE_STANDARD = "gnu++14";
				CLANG_CXX_LIBRARY = "libc++";
				CLANG_ENABLE_MODULES = YES;
				CLANG_ENABLE_OBJC_ARC = YES;
				CLANG_ENABLE_OBJC_WEAK = YES;
				CLANG_WARN_BLOCK_CAPTURE_AUTORELEASING = YES;
				CLANG_WARN_BOOL_CONVERSION = YES;
				CLANG_WARN_COMMA = YES;
				CLANG_WARN_CONSTANT_CONVERSION = YES;
				CLANG_WARN_DEPRECATED_OBJC_IMPLEMENTATIONS = YES;
				CLANG_WARN_DIRECT_OBJC_ISA_USAGE = YES_ERROR;
				CLANG_WARN_DOCUMENTATION_COMMENTS = YES;
				CLANG_WARN_EMPTY_BODY = YES;
				CLANG_WARN_ENUM_CONVERSION = YES;
				CLANG_WARN_INFINITE_RECURSION = YES;
				CLANG_WARN_INT_CONVERSION = YES;
				CLANG_WARN_NON_LITERAL_NULL_CONVERSION = YES;
				CLANG_WARN_OBJC_IMPLICIT_RETAIN_SELF = YES;
				CLANG_WARN_OBJC_LITERAL_CONVERSION = YES;
				CLANG_WARN_OBJC_ROOT_CLASS = YES_ERROR;
				CLANG_WARN_QUOTED_INCLUDE_IN_FRAMEWORK_HEADER = YES;
				CLANG_WARN_RANGE_LOOP_ANALYSIS = YES;
				CLANG_WARN_STRICT_PROTOTYPES = YES;
				CLANG_WARN_SUSPICIOUS_MOVE = YES;
				CLANG_WARN_UNGUARDED_AVAILABILITY = YES_AGGRESSIVE;
				CLANG_WARN_UNREACHABLE_CODE = YES;
				CLANG_WARN__DUPLICATE_METHOD_MATCH = YES;
				COPY_PHASE_STRIP = NO;
				DEBUG_INFORMATION_FORMAT = "dwarf-with-dsym";
				ENABLE_NS_ASSERTIONS = NO;
				ENABLE_STRICT_OBJC_MSGSEND = YES;
				GCC_C_LANGUAGE_STANDARD = gnu11;
				GCC_NO_COMMON_BLOCKS = YES;
				GCC_WARN_64_TO_32_BIT_CONVERSION = YES;
				GCC_WARN_ABOUT_RETURN_TYPE = YES_ERROR;
				GCC_WARN_UNDECLARED_SELECTOR = YES;
				GCC_WARN_UNINITIALIZED_AUTOS = YES_AGGRESSIVE;
				GCC_WARN_UNUSED_FUNCTION = YES;
				GCC_WARN_UNUSED_VARIABLE = YES;
				IPHONEOS_DEPLOYMENT_TARGET = 14.4;
				MTL_ENABLE_DEBUG_INFO = NO;
				MTL_FAST_MATH = YES;
				SDKROOT = iphoneos;
				SWIFT_COMPILATION_MODE = wholemodule;
				SWIFT_OPTIMIZATION_LEVEL = "-O";
				VALIDATE_PRODUCT = YES;
			};
			name = Release;
		};
		94E08D5D25BADE280013E403 /* Debug */ = {
			isa = XCBuildConfiguration;
			baseConfigurationReference = 14A69C75594C1CF477B58F88 /* Pods-WalkGather.debug.xcconfig */;
			buildSettings = {
				ASSETCATALOG_COMPILER_APPICON_NAME = AppIcon;
				ASSETCATALOG_COMPILER_GLOBAL_ACCENT_COLOR_NAME = AccentColor;
				CODE_SIGN_STYLE = Automatic;
				DEVELOPMENT_TEAM = TYHA8NFL49;
				INFOPLIST_FILE = WalkGather/Info.plist;
				IPHONEOS_DEPLOYMENT_TARGET = 14.3;
				LD_RUNPATH_SEARCH_PATHS = (
					"$(inherited)",
					"@executable_path/Frameworks",
				);
				PRODUCT_BUNDLE_IDENTIFIER = com.Ryan.WalkGather;
				PRODUCT_NAME = "$(TARGET_NAME)";
				SWIFT_VERSION = 5.0;
				TARGETED_DEVICE_FAMILY = "1,2";
			};
			name = Debug;
		};
		94E08D5E25BADE280013E403 /* Release */ = {
			isa = XCBuildConfiguration;
			baseConfigurationReference = 2E63E0A6463EE7BA8F60AFB9 /* Pods-WalkGather.release.xcconfig */;
			buildSettings = {
				ASSETCATALOG_COMPILER_APPICON_NAME = AppIcon;
				ASSETCATALOG_COMPILER_GLOBAL_ACCENT_COLOR_NAME = AccentColor;
				CODE_SIGN_STYLE = Automatic;
				DEVELOPMENT_TEAM = TYHA8NFL49;
				INFOPLIST_FILE = WalkGather/Info.plist;
				IPHONEOS_DEPLOYMENT_TARGET = 14.3;
				LD_RUNPATH_SEARCH_PATHS = (
					"$(inherited)",
					"@executable_path/Frameworks",
				);
				PRODUCT_BUNDLE_IDENTIFIER = com.Ryan.WalkGather;
				PRODUCT_NAME = "$(TARGET_NAME)";
				SWIFT_VERSION = 5.0;
				TARGETED_DEVICE_FAMILY = "1,2";
			};
			name = Release;
		};
/* End XCBuildConfiguration section */

/* Begin XCConfigurationList section */
		94E08D4325BADE240013E403 /* Build configuration list for PBXProject "WalkGather" */ = {
			isa = XCConfigurationList;
			buildConfigurations = (
				94E08D5A25BADE280013E403 /* Debug */,
				94E08D5B25BADE280013E403 /* Release */,
			);
			defaultConfigurationIsVisible = 0;
			defaultConfigurationName = Release;
		};
		94E08D5C25BADE280013E403 /* Build configuration list for PBXNativeTarget "WalkGather" */ = {
			isa = XCConfigurationList;
			buildConfigurations = (
				94E08D5D25BADE280013E403 /* Debug */,
				94E08D5E25BADE280013E403 /* Release */,
			);
			defaultConfigurationIsVisible = 0;
			defaultConfigurationName = Release;
		};
/* End XCConfigurationList section */
	};
	rootObject = 94E08D4025BADE240013E403 /* Project object */;
}
